
Microsoft Visual Studio Solution File, Format Version 12.00
# Visual Studio Version 17
VisualStudioVersion = 17.8.34525.116
MinimumVisualStudioVersion = 10.0.40219.1
Project("{FAE04EC0-301F-11D3-BF4B-00C04F79EFBC}") = "KodlamaIoDemo", "KodlamaIoDemo\KodlamaIoDemo.csproj", "{57FC3241-5B9D-4A32-8F34-6ED2F97C723D}"
EndProject
Global
	GlobalSection(SolutionConfigurationPlatforms) = preSolution
		Debug|Any CPU = Debug|Any CPU
		Release|Any CPU = Release|Any CPU
	EndGlobalSection
	GlobalSection(ProjectConfigurationPlatforms) = postSolution
		{57FC3241-5B9D-4A32-8F34-6ED2F97C723D}.Debug|Any CPU.ActiveCfg = Debug|Any CPU
		{57FC3241-5B9D-4A32-8F34-6ED2F97C723D}.Debug|Any CPU.Build.0 = Debug|Any CPU
		{57FC3241-5B9D-4A32-8F34-6ED2F97C723D}.Release|Any CPU.ActiveCfg = Release|Any CPU
		{57FC3241-5B9D-4A32-8F34-6ED2F97C723D}.Release|Any CPU.Build.0 = Release|Any CPU
	EndGlobalSection
	GlobalSection(SolutionProperties) = preSolution
		HideSolutionNode = FALSE
	EndGlobalSection
	GlobalSection(ExtensibilityGlobals) = postSolution
		SolutionGuid = {54AFE336-CBA9-4E91-9C9B-944A86AAECE3}
	EndGlobalSection
EndGlobal
